{
  "core": "meowmarism-core",
  "version": "0.0.0",
  "commit": "8b20457791d033711d5337d0853317a64b5b702a",
  "files": [
    "LICENSE",
    "CONTRIBUTOR-AGREEMENT.md",
    "CONTRIBUTORS.md",
    "BRAND-POLICY.md",
    "panel/core/brand/logo-mono.svg",
    "panel/core/brand/logo.svg",
    "panel/core/brand/png/meowmarism-avatar-512.png",
    "panel/core/brand/png/meowmarism-logo-2048-dark.png",
    "panel/core/brand/png/meowmarism-logo-transparent-512.png",
    "panel/core/brand/png/meowmarism-social-1280x640.png",
    "panel/core/brand/server-icon.png",
    "panel/core/tokens/tokens.css",
    "panel/core/tokens/tokens.json",
    "panel/core/modules/access.js",
    "panel/core/modules/backup.js",
    "panel/core/modules/files.js",
    "panel/core/modules/metrics.js",
    "panel/core/modules/modrinth.js",
    "panel/core/modules/mods.js",
    "panel/core/modules/panel-settings.js",
    "panel/core/modules/players.js",
    "panel/core/modules/properties.js",
    "panel/core/modules/ratelimit.js",
    "panel/core/modules/runtime-contract.js",
    "panel/core/modules/safety.js",
    "panel/core/modules/schedule-run.js",
    "panel/core/modules/scheduler.js",
    "panel/core/modules/system-info.js",
    "panel/core/modules/updater.js",
    "panel/core/modules/users-api.js",
    "panel/core/modules/users.js",
    "panel/core/ui/access-ui.css",
    "panel/core/ui/access-ui.js",
    "panel/core/ui/backups-ui.js",
    "panel/core/ui/base.css",
    "panel/core/ui/charts-ui.css",
    "panel/core/ui/charts-ui.js",
    "panel/core/ui/console-ui.js",
    "panel/core/ui/files-ui.css",
    "panel/core/ui/files-ui.js",
    "panel/core/ui/i18n.js",
    "panel/core/ui/instance-pages.css",
    "panel/core/ui/instance-shell.css",
    "panel/core/ui/instance-shell.js",
    "panel/core/ui/instances-ui.js",
    "panel/core/ui/loaders.js",
    "panel/core/ui/login.css",
    "panel/core/ui/modrinth-ui.css",
    "panel/core/ui/modrinth-ui.js",
    "panel/core/ui/mods-ui.js",
    "panel/core/ui/players-ui.css",
    "panel/core/ui/players-ui.js",
    "panel/core/ui/schedule-ui.js",
    "panel/core/ui/settings-ui.css",
    "panel/core/ui/settings-ui.js",
    "panel/core/ui/shell.js",
    "panel/core/ui/sidebar.css",
    "panel/core/ui/system-ui.js",
    "panel/core/ui/users-ui.css",
    "panel/core/ui/users-ui.js",
    "panel/core/ui/wizard-ui.js",
    "panel/core/lang/de.json",
    "panel/core/lang/es.json",
    "panel/core/lang/fr.json"
  ]
}
