{
  "core": "meowmarism-core",
  "version": "0.0.0",
  "commit": "49db0d4397dc3cb8dc26e2cc0fee83d0452b4e7f",
  "files": [
    "LICENSE",
    "CONTRIBUTOR-AGREEMENT.md",
    "CONTRIBUTORS.md",
    "BRAND-POLICY.md",
    "panel/core/brand/logo-mono.svg",
    "panel/core/brand/logo.svg",
    "panel/core/brand/png/meowmarism-avatar-512.png",
    "panel/core/brand/png/meowmarism-logo-2048-dark.png",
    "panel/core/brand/png/meowmarism-logo-4096-transparent.png",
    "panel/core/brand/png/meowmarism-logo-transparent-512.png",
    "panel/core/brand/png/meowmarism-social-1280x640.png",
    "panel/core/brand/server-icon.png",
    "panel/core/tokens/tokens.css",
    "panel/core/tokens/tokens.json"
  ]
}
